// !$*UTF8*$!
{
	archiveVersion = 1;
	classes = {
	};
	objectVersion = 50;
	objects = {

/* Begin PBXBuildFile section */
		2322305220BD4A4A009B86C7 /* AppDelegate.m in Sources */ = {isa = PBXBuildFile; fileRef = 2322305120BD4A4A009B86C7 /* AppDelegate.m */; };
		2322305520BD4A4A009B86C7 /* ViewController.m in Sources */ = {isa = PBXBuildFile; fileRef = 2322305420BD4A4A009B86C7 /* ViewController.m */; };
		2322305820BD4A4A009B86C7 /* Main.storyboard in Resources */ = {isa = PBXBuildFile; fileRef = 2322305620BD4A4A009B86C7 /* Main.storyboard */; };
		2322305A20BD4A4C009B86C7 /* Assets.xcassets in Resources */ = {isa = PBXBuildFile; fileRef = 2322305920BD4A4C009B86C7 /* Assets.xcassets */; };
		2322305D20BD4A4C009B86C7 /* LaunchScreen.storyboard in Resources */ = {isa = PBXBuildFile; fileRef = 2322305B20BD4A4C009B86C7 /* LaunchScreen.storyboard */; };
		2322306020BD4A4C009B86C7 /* main.m in Sources */ = {isa = PBXBuildFile; fileRef = 2322305F20BD4A4C009B86C7 /* main.m */; };
/* End PBXBuildFile section */

/* Begin PBXFileReference section */
		2322304D20BD4A4A009B86C7 /* ZGPDF.app */ = {isa = PBXFileReference; explicitFileType = wrapper.application; includeInIndex = 0; path = ZGPDF.app; sourceTree = BUILT_PRODUCTS_DIR; };
		2322305020BD4A4A009B86C7 /* AppDelegate.h */ = {isa = PBXFileReference; lastKnownFileType = sourcecode.c.h; path = AppDelegate.h; sourceTree = "<group>"; };
		2322305120BD4A4A009B86C7 /* AppDelegate.m */ = {isa = PBXFileReference; lastKnownFileType = sourcecode.c.objc; path = AppDelegate.m; sourceTree = "<group>"; };
		2322305320BD4A4A009B86C7 /* ViewController.h */ = {isa = PBXFileReference; lastKnownFileType = sourcecode.c.h; path = ViewController.h; sourceTree = "<group>"; };
		2322305420BD4A4A009B86C7 /* ViewController.m */ = {isa = PBXFileReference; lastKnownFileType = sourcecode.c.objc; path = ViewController.m; sourceTree = "<group>"; };
		2322305720BD4A4A009B86C7 /* Base */ = {isa = PBXFileReference; lastKnownFileType = file.storyboard; name = Base; path = Base.lproj/Main.storyboard; sourceTree = "<group>"; };
		2322305920BD4A4C009B86C7 /* Assets.xcassets */ = {isa = PBXFileReference; lastKnownFileType = folder.assetcatalog; path = Assets.xcassets; sourceTree = "<group>"; };
		2322305C20BD4A4C009B86C7 /* Base */ = {isa = PBXFileReference; lastKnownFileType = file.storyboard; name = Base; path = Base.lproj/LaunchScreen.storyboard; sourceTree = "<group>"; };
		2322305E20BD4A4C009B86C7 /* Info.plist */ = {isa = PBXFileReference; lastKnownFileType = text.plist.xml; path = Info.plist; sourceTree = "<group>"; };
		2322305F20BD4A4C009B86C7 /* main.m */ = {isa = PBXFileReference; lastKnownFileType = sourcecode.c.objc; path = main.m; sourceTree = "<group>"; };
/* End PBXFileReference section */

/* Begin PBXFrameworksBuildPhase section */
		2322304A20BD4A4A009B86C7 /* Frameworks */ = {
			isa = PBXFrameworksBuildPhase;
			buildActionMask = 2147483647;
			files = (
			);
			runOnlyForDeploymentPostprocessing = 0;
		};
/* End PBXFrameworksBuildPhase section */

/* Begin PBXGroup section */
		2322304420BD4A4A009B86C7 = {
			isa = PBXGroup;
			children = (
				2322304F20BD4A4A009B86C7 /* ZGPDF */,
				2322304E20BD4A4A009B86C7 /* Products */,
			);
			sourceTree = "<group>";
		};
		2322304E20BD4A4A009B86C7 /* Products */ = {
			isa = PBXGroup;
			children = (
				2322304D20BD4A4A009B86C7 /* ZGPDF.app */,
			);
			name = Products;
			sourceTree = "<group>";
		};
		2322304F20BD4A4A009B86C7 /* ZGPDF */ = {
			isa = PBXGroup;
			children = (
				2322305020BD4A4A009B86C7 /* AppDelegate.h */,
				2322305120BD4A4A009B86C7 /* AppDelegate.m */,
				2322305320BD4A4A009B86C7 /* ViewController.h */,
				2322305420BD4A4A009B86C7 /* ViewController.m */,
				2322305620BD4A4A009B86C7 /* Main.storyboard */,
				2322305920BD4A4C009B86C7 /* Assets.xcassets */,
				2322305B20BD4A4C009B86C7 /* LaunchScreen.storyboard */,
				2322305E20BD4A4C009B86C7 /* Info.plist */,
				2322305F20BD4A4C009B86C7 /* main.m */,
			);
			path = ZGPDF;
			sourceTree = "<group>";
		};
/* End PBXGroup section */

/* Begin PBXNativeTarget section */
		2322304C20BD4A4A009B86C7 /* ZGPDF */ = {
			isa = PBXNativeTarget;
			buildConfigurationList = 2322306320BD4A4C009B86C7 /* Build configuration list for PBXNativeTarget "ZGPDF" */;
			buildPhases = (
				2322304920BD4A4A009B86C7 /* Sources */,
				2322304A20BD4A4A009B86C7 /* Frameworks */,
				2322304B20BD4A4A009B86C7 /* Resources */,
			);
			buildRules = (
			);
			dependencies = (
			);
			name = ZGPDF;
			productName = ZGPDF;
			productReference = 2322304D20BD4A4A009B86C7 /* ZGPDF.app */;
			productType = "com.apple.product-type.application";
		};
/* End PBXNativeTarget section */

/* Begin PBXProject section */
		2322304520BD4A4A009B86C7 /* Project object */ = {
			isa = PBXProject;
			attributes = {
				LastUpgradeCheck = 0930;
				ORGANIZATIONNAME = cn;
				TargetAttributes = {
					2322304C20BD4A4A009B86C7 = {
						CreatedOnToolsVersion = 9.3.1;
					};
				};
			};
			buildConfigurationList = 2322304820BD4A4A009B86C7 /* Build configuration list for PBXProject "ZGPDF" */;
			compatibilityVersion = "Xcode 9.3";
			developmentRegion = en;
			hasScannedForEncodings = 0;
			knownRegions = (
				en,
				Base,
			);
			mainGroup = 2322304420BD4A4A009B86C7;
			productRefGroup = 2322304E20BD4A4A009B86C7 /* Products */;
			projectDirPath = "";
			projectRoot = "";
			targets = (
				2322304C20BD4A4A009B86C7 /* ZGPDF */,
			);
		};
/* End PBXProject section */

/* Begin PBXResourcesBuildPhase section */
		2322304B20BD4A4A009B86C7 /* Resources */ = {
			isa = PBXResourcesBuildPhase;
			buildActionMask = 2147483647;
			files = (
				2322305D20BD4A4C009B86C7 /* LaunchScreen.storyboard in Resources */,
				2322305A20BD4A4C009B86C7 /* Assets.xcassets in Resources */,
				2322305820BD4A4A009B86C7 /* Main.storyboard in Resources */,
			);
			runOnlyForDeploymentPostprocessing = 0;
		};
/* End PBXResourcesBuildPhase section */

/* Begin PBXSourcesBuildPhase section */
		2322304920BD4A4A009B86C7 /* Sources */ = {
			isa = PBXSourcesBuildPhase;
			buildActionMask = 2147483647;
			files = (
				2322305520BD4A4A009B86C7 /* ViewController.m in Sources */,
				2322306020BD4A4C009B86C7 /* main.m in Sources */,
				2322305220BD4A4A009B86C7 /* AppDelegate.m in Sources */,
			);
			runOnlyForDeploymentPostprocessing = 0;
		};
/* End PBXSourcesBuildPhase section */

/* Begin PBXVariantGroup section */
		2322305620BD4A4A009B86C7 /* Main.storyboard */ = {
			isa = PBXVariantGroup;
			children = (
				2322305720BD4A4A009B86C7 /* Base */,
			);
			name = Main.storyboard;
			sourceTree = "<group>";
		};
		2322305B20BD4A4C009B86C7 /* LaunchScreen.storyboard */ = {
			isa = PBXVariantGroup;
			children = (
				2322305C20BD4A4C009B86C7 /* Base */,
			);
			name = LaunchScreen.storyboard;
			sourceTree = "<group>";
		};
/* End PBXVariantGroup section */

/* Begin XCBuildConfiguration section */
		2322306120BD4A4C009B86C7 /* Debug */ = {
			isa = XCBuildConfiguration;
			buildSettings = {
				ALWAYS_SEARCH_USER_PATHS = NO;
				CLANG_ANALYZER_NONNULL = YES;
				CLANG_ANALYZER_NUMBER_OBJECT_CONVERSION = YES_AGGRESSIVE;
				CLANG_CXX_LANGUAGE_STANDARD = "gnu++14";
				CLANG_CXX_LIBRARY = "libc++";
				CLANG_ENABLE_MODULES = YES;
				CLANG_ENABLE_OBJC_ARC = YES;
				CLANG_ENABLE_OBJC_WEAK = YES;
				CLANG_WARN_BLOCK_CAPTURE_AUTORELEASING = YES;
				CLANG_WARN_BOOL_CONVERSION = YES;
				CLANG_WARN_COMMA = YES;
				CLANG_WARN_CONSTANT_CONVERSION = YES;
				CLANG_WARN_DEPRECATED_OBJC_IMPLEMENTATIONS = YES;
				CLANG_WARN_DIRECT_OBJC_ISA_USAGE = YES_ERROR;
				CLANG_WARN_DOCUMENTATION_COMMENTS = YES;
				CLANG_WARN_EMPTY_BODY = YES;
				CLANG_WARN_ENUM_CONVERSION = YES;
				CLANG_WARN_INFINITE_RECURSION = YES;
				CLANG_WARN_INT_CONVERSION = YES;
				CLANG_WARN_NON_LITERAL_NULL_CONVERSION = YES;
				CLANG_WARN_OBJC_IMPLICIT_RETAIN_SELF = YES;
				CLANG_WARN_OBJC_LITERAL_CONVERSION = YES;
				CLANG_WARN_OBJC_ROOT_CLASS = YES_ERROR;
				CLANG_WARN_RANGE_LOOP_ANALYSIS = YES;
				CLANG_WARN_STRICT_PROTOTYPES = YES;
				CLANG_WARN_SUSPICIOUS_MOVE = YES;
				CLANG_WARN_UNGUARDED_AVAILABILITY = YES_AGGRESSIVE;
				CLANG_WARN_UNREACHABLE_CODE = YES;
				CLANG_WARN__DUPLICATE_METHOD_MATCH = YES;
				CODE_SIGN_IDENTITY = "iPhone Developer";
				COPY_PHASE_STRIP = NO;
				DEBUG_INFORMATION_FORMAT = dwarf;
				ENABLE_STRICT_OBJC_MSGSEND = YES;
				ENABLE_TESTABILITY = YES;
				GCC_C_LANGUAGE_STANDARD = gnu11;
				GCC_DYNAMIC_NO_PIC = NO;
				GCC_NO_COMMON_BLOCKS = YES;
				GCC_OPTIMIZATION_LEVEL = 0;
				GCC_PREPROCESSOR_DEFINITIONS = (
					"DEBUG=1",
					"$(inherited)",
				);
				GCC_WARN_64_TO_32_BIT_CONVERSION = YES;
				GCC_WARN_ABOUT_RETURN_TYPE = YES_ERROR;
				GCC_WARN_UNDECLARED_SELECTOR = YES;
				GCC_WARN_UNINITIALIZED_AUTOS = YES_AGGRESSIVE;
				GCC_WARN_UNUSED_FUNCTION = YES;
				GCC_WARN_UNUSED_VARIABLE = YES;
				IPHONEOS_DEPLOYMENT_TARGET = 11.3;
				MTL_ENABLE_DEBUG_INFO = YES;
				ONLY_ACTIVE_ARCH = YES;
				SDKROOT = iphoneos;
			};
			name = Debug;
		};
		2322306220BD4A4C009B86C7 /* Release */ = {
			isa = XCBuildConfiguration;
			buildSettings = {
				ALWAYS_SEARCH_USER_PATHS = NO;
				CLANG_ANALYZER_NONNULL = YES;
				CLANG_ANALYZER_NUMBER_OBJECT_CONVERSION = YES_AGGRESSIVE;
				CLANG_CXX_LANGUAGE_STANDARD = "gnu++14";
				CLANG_CXX_LIBRARY = "libc++";
				CLANG_ENABLE_MODULES = YES;
				CLANG_ENABLE_OBJC_ARC = YES;
				CLANG_ENABLE_OBJC_WEAK = YES;
				CLANG_WARN_BLOCK_CAPTURE_AUTORELEASING = YES;
				CLANG_WARN_BOOL_CONVERSION = YES;
				CLANG_WARN_COMMA = YES;
				CLANG_WARN_CONSTANT_CONVERSION = YES;
				CLANG_WARN_DEPRECATED_OBJC_IMPLEMENTATIONS = YES;
				CLANG_WARN_DIRECT_OBJC_ISA_USAGE = YES_ERROR;
				CLANG_WARN_DOCUMENTATION_COMMENTS = YES;
				CLANG_WARN_EMPTY_BODY = YES;
				CLANG_WARN_ENUM_CONVERSION = YES;
				CLANG_WARN_INFINITE_RECURSION = YES;
				CLANG_WARN_INT_CONVERSION = YES;
				CLANG_WARN_NON_LITERAL_NULL_CONVERSION = YES;
				CLANG_WARN_OBJC_IMPLICIT_RETAIN_SELF = YES;
				CLANG_WARN_OBJC_LITERAL_CONVERSION = YES;
				CLANG_WARN_OBJC_ROOT_CLASS = YES_ERROR;
				CLANG_WARN_RANGE_LOOP_ANALYSIS = YES;
				CLANG_WARN_STRICT_PROTOTYPES = YES;
				CLANG_WARN_SUSPICIOUS_MOVE = YES;
				CLANG_WARN_UNGUARDED_AVAILABILITY = YES_AGGRESSIVE;
				CLANG_WARN_UNREACHABLE_CODE = YES;
				CLANG_WARN__DUPLICATE_METHOD_MATCH = YES;
				CODE_SIGN_IDENTITY = "iPhone Developer";
				COPY_PHASE_STRIP = NO;
				DEBUG_INFORMATION_FORMAT = "dwarf-with-dsym";
				ENABLE_NS_ASSERTIONS = NO;
				ENABLE_STRICT_OBJC_MSGSEND = YES;
				GCC_C_LANGUAGE_STANDARD = gnu11;
				GCC_NO_COMMON_BLOCKS = YES;
				GCC_WARN_64_TO_32_BIT_CONVERSION = YES;
				GCC_WARN_ABOUT_RETURN_TYPE = YES_ERROR;
				GCC_WARN_UNDECLARED_SELECTOR = YES;
				GCC_WARN_UNINITIALIZED_AUTOS = YES_AGGRESSIVE;
				GCC_WARN_UNUSED_FUNCTION = YES;
				GCC_WARN_UNUSED_VARIABLE = YES;
				IPHONEOS_DEPLOYMENT_TARGET = 11.3;
				MTL_ENABLE_DEBUG_INFO = NO;
				SDKROOT = iphoneos;
				VALIDATE_PRODUCT = YES;
			};
			name = Release;
		};
		2322306420BD4A4C009B86C7 /* Debug */ = {
			isa = XCBuildConfiguration;
			buildSettings = {
				ASSETCATALOG_COMPILER_APPICON_NAME = AppIcon;
				CODE_SIGN_STYLE = Automatic;
				INFOPLIST_FILE = ZGPDF/Info.plist;
				LD_RUNPATH_SEARCH_PATHS = (
					"$(inherited)",
					"@executable_path/Frameworks",
				);
				PRODUCT_BUNDLE_IDENTIFIER = offcn.ZGPDF;
				PRODUCT_NAME = "$(TARGET_NAME)";
				TARGETED_DEVICE_FAMILY = "1,2";
			};
			name = Debug;
		};
		2322306520BD4A4C009B86C7 /* Release */ = {
			isa = XCBuildConfiguration;
			buildSettings = {
				ASSETCATALOG_COMPILER_APPICON_NAME = AppIcon;
				CODE_SIGN_STYLE = Automatic;
				INFOPLIST_FILE = ZGPDF/Info.plist;
				LD_RUNPATH_SEARCH_PATHS = (
					"$(inherited)",
					"@executable_path/Frameworks",
				);
				PRODUCT_BUNDLE_IDENTIFIER = offcn.ZGPDF;
				PRODUCT_NAME = "$(TARGET_NAME)";
				TARGETED_DEVICE_FAMILY = "1,2";
			};
			name = Release;
		};
/* End XCBuildConfiguration section */

/* Begin XCConfigurationList section */
		2322304820BD4A4A009B86C7 /* Build configuration list for PBXProject "ZGPDF" */ = {
			isa = XCConfigurationList;
			buildConfigurations = (
				2322306120BD4A4C009B86C7 /* Debug */,
				2322306220BD4A4C009B86C7 /* Release */,
			);
			defaultConfigurationIsVisible = 0;
			defaultConfigurationName = Release;
		};
		2322306320BD4A4C009B86C7 /* Build configuration list for PBXNativeTarget "ZGPDF" */ = {
			isa = XCConfigurationList;
			buildConfigurations = (
				2322306420BD4A4C009B86C7 /* Debug */,
				2322306520BD4A4C009B86C7 /* Release */,
			);
			defaultConfigurationIsVisible = 0;
			defaultConfigurationName = Release;
		};
/* End XCConfigurationList section */
	};
	rootObject = 2322304520BD4A4A009B86C7 /* Project object */;
}
